
Microsoft Visual Studio Solution File, Format Version 12.00
# Visual Studio Version 16
VisualStudioVersion = 16.0.30523.141
MinimumVisualStudioVersion = 10.0.40219.1
Project("{FAE04EC0-301F-11D3-BF4B-00C04F79EFBC}") = "ITMO.CSCourse2021.Labs.Lab01.CS", "ITMO.CSCourse2021.Labs.Lab01.CS\ITMO.CSCourse2021.Labs.Lab01.CS.csproj", "{CA64CF4B-276C-401A-AB7B-B2EEB215D6F2}"
EndProject
Project("{FAE04EC0-301F-11D3-BF4B-00C04F79EFBC}") = "ITMO.CSCourse2021.Labs.Lab03.E1.v1.GotoOhh", "ITMO.CSCourse2021.Labs.Lab03.E1.v1.GotoOhh\ITMO.CSCourse2021.Labs.Lab03.E1.v1.GotoOhh.csproj", "{5FE3CF93-27B0-4270-9395-D29000E99B36}"
EndProject
Project("{FAE04EC0-301F-11D3-BF4B-00C04F79EFBC}") = "ITMO.CSCourse2021.Labs.Lab03.E1.v2.ForeachEnum", "ITMO.CSCourse2021.Labs.Lab03.E1.v2.ForeachEnum\ITMO.CSCourse2021.Labs.Lab03.E1.v2.ForeachEnum.csproj", "{278B4231-394A-4912-B182-81D7121205F3}"
EndProject
Project("{FAE04EC0-301F-11D3-BF4B-00C04F79EFBC}") = "ITMO.CSCourse2021.Labs.Lab03.E2.Exception", "ITMO.CSCourse2021.Labs.Lab03.E2.Exception\ITMO.CSCourse2021.Labs.Lab03.E2.Exception.csproj", "{2F4F0CAA-D1C1-47F2-BD2A-AB844AD76BF9}"
EndProject
Project("{2150E333-8FDC-42A3-9474-1A3956D46DE8}") = "Labs01", "Labs01", "{4EDE6F59-E019-461C-9F82-29DC3F446999}"
EndProject
Project("{2150E333-8FDC-42A3-9474-1A3956D46DE8}") = "Labs02", "Labs02", "{1998AC0D-9C46-4B7E-84F0-32B2A6D4F3C4}"
EndProject
Project("{2150E333-8FDC-42A3-9474-1A3956D46DE8}") = "Labs03", "Labs03", "{A8E7741B-7D99-4B2F-B524-38009E1F3001}"
EndProject
Project("{2150E333-8FDC-42A3-9474-1A3956D46DE8}") = "Labs04", "Labs04", "{0E87F2B3-A2F2-46DC-A2CD-647EBEA84314}"
EndProject
Project("{FAE04EC0-301F-11D3-BF4B-00C04F79EFBC}") = "ITMO.CSCourse2021.Labs.Lab04.E1.E2.E3.Metods", "ITMO.CSCourse2021.Labs.Lab04.E1.E2.E3.Metods\ITMO.CSCourse2021.Labs.Lab04.E1.E2.E3.Metods.csproj", "{84A1F74F-3AD2-492C-86DD-7ABE1E3CB4BB}"
EndProject
Project("{2150E333-8FDC-42A3-9474-1A3956D46DE8}") = "Labs05", "Labs05", "{8F9CB6DB-535A-40CF-9BE5-ED8E79EEB59A}"
EndProject
Project("{FAE04EC0-301F-11D3-BF4B-00C04F79EFBC}") = "ITMO.CSCourse2021.Labs.Lab05.E1.ArgumentsMain.v1.HelpInfo", "ITMO.CSCourse2021.Labs.Lab05.E1.ArgumentsMain.v1\ITMO.CSCourse2021.Labs.Lab05.E1.ArgumentsMain.v1.HelpInfo.csproj", "{C573C599-2AEC-4579-BDE8-849604683B65}"
EndProject
Project("{FAE04EC0-301F-11D3-BF4B-00C04F79EFBC}") = "ITMO.CSCourse2021.Labs.Lab02.E1.Enum", "ITMO.CSCourse2021.Labs.Lab02.E1.Enum\ITMO.CSCourse2021.Labs.Lab02.E1.Enum.csproj", "{CAFF0CB0-EFA7-4F00-A85F-459AA736EF25}"
EndProject
Project("{FAE04EC0-301F-11D3-BF4B-00C04F79EFBC}") = "ITMO.CSCourse2021.Labs.Lab02.E2.E3.Struct", "ITMO.CSCourse2021.Labs.Lab02.E2.E3.Struc\ITMO.CSCourse2021.Labs.Lab02.E2.E3.Struct.csproj", "{8BABD5F0-7D91-4210-BD08-56AE577834F6}"
EndProject
Project("{FAE04EC0-301F-11D3-BF4B-00C04F79EFBC}") = "ITMO.CSCourse2021.Labs.Lab03.E3.LeapYears", "ITMO.CSCourse2021.Labs.Lab03.E3.LeapYears\ITMO.CSCourse2021.Labs.Lab03.E3.LeapYears.csproj", "{6866EB42-2212-4EDE-82C5-ABD12F5C59BC}"
EndProject
Project("{FAE04EC0-301F-11D3-BF4B-00C04F79EFBC}") = "ITMO.CSCourse2021.Labs.Lab05.E1.ArgumentsMain.v2", "ITMO.CSCourse2021.Labs.Lab05.E1.ArgumentsMain.v2\ITMO.CSCourse2021.Labs.Lab05.E1.ArgumentsMain.v2.csproj", "{61B47F97-D045-4C5B-A915-6F334A6827C7}"
EndProject
Project("{FAE04EC0-301F-11D3-BF4B-00C04F79EFBC}") = "ITMO.CSCourse2021.Labs.Lab05.E1.ArgumentsMain.v3", "ITMO.CSCourse2021.Labs.Lab05.E1.ArgumentsMain.v3\ITMO.CSCourse2021.Labs.Lab05.E1.ArgumentsMain.v3.csproj", "{2E145E2A-BE16-4E31-9850-A86FB1E1BCD6}"
EndProject
Project("{FAE04EC0-301F-11D3-BF4B-00C04F79EFBC}") = "ITMO.CSCourse2021.Labs.Lab05.E2.MatrixMultiply.v1", "ITMO.CSCourse2021.Labs.Lab05.E2.MatrixMultiply.v1\ITMO.CSCourse2021.Labs.Lab05.E2.MatrixMultiply.v1.csproj", "{F72B6CF5-08E3-4E71-AEC2-9406B13824F1}"
EndProject
Project("{FAE04EC0-301F-11D3-BF4B-00C04F79EFBC}") = "ITMO.CSCourse2021.Labs.Lab05.E2.MatrixMultiply.v2.ReadConsole", "ITMO.CSCourse2021.Labs.Lab05.E2.MatrixMultiply.v2\ITMO.CSCourse2021.Labs.Lab05.E2.MatrixMultiply.v2.ReadConsole.csproj", "{8BECD656-B549-4304-BF4E-CD5EE904463D}"
EndProject
Project("{2150E333-8FDC-42A3-9474-1A3956D46DE8}") = "Labs06", "Labs06", "{9E42D6FD-2743-44E3-A356-D270E48F15AC}"
EndProject
Project("{FAE04EC0-301F-11D3-BF4B-00C04F79EFBC}") = "ITMO.CSCourse2021.Labs.Lab06.E1.CreatureClass.v1", "ITMO.CSCourse2021.Labs.Lab06.E1.CreatureClass.v1\ITMO.CSCourse2021.Labs.Lab06.E1.CreatureClass.v1.csproj", "{94D5B188-5E60-4C01-A6F6-CC0C727DC0EB}"
EndProject
Project("{FAE04EC0-301F-11D3-BF4B-00C04F79EFBC}") = "ITMO.CSCourse2021.Labs.Lab06.E1.CreatureClass.v2", "ITMO.CSCourse2021.Labs.Lab06.E1.CreatureClass.v2\ITMO.CSCourse2021.Labs.Lab06.E1.CreatureClass.v2.csproj", "{63AB4214-4C5B-4FFA-A033-5436E9EB7993}"
EndProject
Project("{FAE04EC0-301F-11D3-BF4B-00C04F79EFBC}") = "ITMO.CSCourse2021.Labs.Lab06.E2.StaticVal.v1", "ITMO.CSCourse2021.Labs.Lab06.E2.StaticVal.v1\ITMO.CSCourse2021.Labs.Lab06.E2.StaticVal.v1.csproj", "{83DDFB99-2B60-4EA2-8387-ABAE1D5E30DF}"
EndProject
Project("{FAE04EC0-301F-11D3-BF4B-00C04F79EFBC}") = "ITMO.CSCourse2021.Labs.Lab06.E2.StaticVal.v2", "ITMO.CSCourse2021.Labs.Lab06.E2.StaticVal.v2\ITMO.CSCourse2021.Labs.Lab06.E2.StaticVal.v2.csproj", "{51FC0FAD-2422-4F22-86BD-808FFD5B1BEA}"
EndProject
Project("{FAE04EC0-301F-11D3-BF4B-00C04F79EFBC}") = "ITMO.CSCourse2021.Labs.Lab06.E3.PublicMetods", "ITMO.CSCourse2021.Labs.Lab06.E3.PublicMetods\ITMO.CSCourse2021.Labs.Lab06.E3.PublicMetods.csproj", "{30CABFF6-78D9-4EA1-A757-C722D6CD67C2}"
EndProject
Project("{2150E333-8FDC-42A3-9474-1A3956D46DE8}") = "Labs07", "Labs07", "{40B48AA6-1FD4-4442-9537-129A9C0F862A}"
EndProject
Project("{FAE04EC0-301F-11D3-BF4B-00C04F79EFBC}") = "ITMO.CSCourse2021.Labs.Lab07.E1.TwoParametrMetod", "ITMO.CSCourse2021.Labs.Lab07.E1.TwoParametrMetod\ITMO.CSCourse2021.Labs.Lab07.E1.TwoParametrMetod.csproj", "{C73D6D42-32DB-4A78-907B-2FF374631ADE}"
EndProject
Project("{FAE04EC0-301F-11D3-BF4B-00C04F79EFBC}") = "ITMO.CSCourse2021.Labs.Lab07.E2.StringConversion", "ITMO.CSCourse2021.Labs.Lab07.E2.StringConversion\ITMO.CSCourse2021.Labs.Lab07.E2.StringConversion.csproj", "{6799C48E-8141-4E57-9B64-5B9DA542323A}"
EndProject
Project("{FAE04EC0-301F-11D3-BF4B-00C04F79EFBC}") = "ITMO.CSCourse2021.Labs.Lab07.E3.CopyFileUpper", "ITMO.CSCourse2021.Labs.Lab07.E3.CopyFileUpper\ITMO.CSCourse2021.Labs.Lab07.E3.CopyFileUpper.csproj", "{17103D9B-DA8C-44D0-B7D6-4D8DC9FAAB8B}"
EndProject
Project("{FAE04EC0-301F-11D3-BF4B-00C04F79EFBC}") = "ITMO.CSCourse2021.Labs.Lab07.E4.IsItFormattable", "ITMO.CSCourse2021.Labs.Lab07.E4.IsItFormattable\ITMO.CSCourse2021.Labs.Lab07.E4.IsItFormattable.csproj", "{6A1C0ACD-3F70-4E3F-BE62-11805C3EC29B}"
EndProject
Project("{FAE04EC0-301F-11D3-BF4B-00C04F79EFBC}") = "ITMO.CSCourse2021.Labs.Lab07.E5.WorkInterface", "ITMO.CSCourse2021.Labs.Lab07.E5.WorkInterface\ITMO.CSCourse2021.Labs.Lab07.E5.WorkInterface.csproj", "{2CBF80E0-D928-4B52-80E5-62198254E5D5}"
EndProject
Project("{2150E333-8FDC-42A3-9474-1A3956D46DE8}") = "Labs08", "Labs08", "{AF788230-DCCD-430C-85E5-B3CDBE44D2F7}"
EndProject
Project("{FAE04EC0-301F-11D3-BF4B-00C04F79EFBC}") = "ITMO.CSCourse2021.Labs.Lab08.E1.Constructor", "ITMO.CSCourse2021.Labs.Lab08.E1.Constructor\ITMO.CSCourse2021.Labs.Lab08.E1.Constructor.csproj", "{07DF9EF3-4F78-47C4-856F-7F5E9D9089C1}"
EndProject
Project("{FAE04EC0-301F-11D3-BF4B-00C04F79EFBC}") = "ITMO.CSCourse2021.Labs.Lab08.E2.Readonly", "ITMO.CSCourse2021.Labs.Lab08.E2.Readonly\ITMO.CSCourse2021.Labs.Lab08.E2.Readonly.csproj", "{36860563-9E2E-4F74-8819-C0D3438CAE40}"
EndProject
Project("{FAE04EC0-301F-11D3-BF4B-00C04F79EFBC}") = "ITMO.CSCourse2021.Labs.Lab08.E3.PatternRemoveObject", "ITMO.CSCourse2021.Labs.Lab08.E3.PatternRemoveObject\ITMO.CSCourse2021.Labs.Lab08.E3.PatternRemoveObject.csproj", "{E8E20535-5397-4652-B89A-39E66CE70D60}"
EndProject
Project("{2150E333-8FDC-42A3-9474-1A3956D46DE8}") = "Labs09", "Labs09", "{A7B3EC25-7791-425F-AA67-39899CECC403}"
EndProject
Project("{FAE04EC0-301F-11D3-BF4B-00C04F79EFBC}") = "ITMO.CSCourse2021.Labs.Lab09.E1.CSInHtml", "ITMO.CSCourse2021.Labs.Lab09.E1.CSInHtml\ITMO.CSCourse2021.Labs.Lab09.E1.CSInHtml.csproj", "{2D5B7DB6-834C-4AE7-B5D6-0F5A4CFE784C}"
EndProject
Project("{FAE04EC0-301F-11D3-BF4B-00C04F79EFBC}") = "ITMO.CSCourse2021.Labs.Lab09.E2.CSInHtml_RichTextBox", "ITMO.CSCourse2021.Labs.Lab09.E2.CSInHtml_RichTextBox\ITMO.CSCourse2021.Labs.Lab09.E2.CSInHtml_RichTextBox.csproj", "{4CAE4459-C392-414A-A06E-B5875C1B5EC7}"
EndProject
Project("{2150E333-8FDC-42A3-9474-1A3956D46DE8}") = "Labs10", "Labs10", "{6A3C9C62-3229-447B-9339-6077F396CFF3}"
EndProject
Project("{FAE04EC0-301F-11D3-BF4B-00C04F79EFBC}") = "ITMO.CSCourse2021.Labs.Lab10.E1.Internal", "ITMO.CSCourse2021.Labs.Lab10.E1.Internal\ITMO.CSCourse2021.Labs.Lab10.E1.Internal.csproj", "{3824B089-46C6-4C56-ACE9-0CBB1884CC05}"
EndProject
Project("{FAE04EC0-301F-11D3-BF4B-00C04F79EFBC}") = "ITMO.CSCourse2021.Labs.Lab10.E2.BuildNameSpaceBanking", "ITMO.CSCourse2021.Labs.Lab10.E2.BuildNameSpaceBanking\ITMO.CSCourse2021.Labs.Lab10.E2.BuildNameSpaceBanking.csproj", "{71E26029-AC50-4EFF-B898-107CB6E4374B}"
EndProject
Project("{2150E333-8FDC-42A3-9474-1A3956D46DE8}") = "Labs11", "Labs11", "{BB84D10E-E0D6-452C-BEA7-FDD3A1E0FB85}"
EndProject
Project("{FAE04EC0-301F-11D3-BF4B-00C04F79EFBC}") = "ITMO.CSCourse2021.Labs.Lab11.E1.OverloadingMethods", "ITMO.CSCourse2021.Labs.Lab11.E1.OverloadingMethods\ITMO.CSCourse2021.Labs.Lab11.E1.OverloadingMethods.csproj", "{21257C99-9595-4F16-8985-F1285ED1D82C}"
EndProject
Project("{FAE04EC0-301F-11D3-BF4B-00C04F79EFBC}") = "ITMO.CSCourse2021.Labs.Lab11.E2.Event", "ITMO.CSCourse2021.Labs.Lab11.E2.Event\ITMO.CSCourse2021.Labs.Lab11.E2.Event.csproj", "{AD522D77-E6ED-40B8-B1E8-7ECACF97CA4D}"
EndProject
Project("{2150E333-8FDC-42A3-9474-1A3956D46DE8}") = "Labs12", "Labs12", "{014FE7E7-A290-4080-A426-75B5FF20FBDB}"
EndProject
Project("{FAE04EC0-301F-11D3-BF4B-00C04F79EFBC}") = "ITMO.CSCourse2021.Labs.Lab12.E1.PropertiesBankAccount", "ITMO.CSCourse2021.Labs.Lab12.E1.PropertiesBankAccount\ITMO.CSCourse2021.Labs.Lab12.E1.PropertiesBankAccount.csproj", "{C051B9AC-FEAE-4F5D-B1EC-A4692BE16B0B}"
EndProject
Project("{FAE04EC0-301F-11D3-BF4B-00C04F79EFBC}") = "ITMO.CSCourse2021.Labs.Lab12.E2.PropertiesBankTransaction", "ITMO.CSCourse2021.Labs.Lab12.E2.PropertiesBankTransaction\ITMO.CSCourse2021.Labs.Lab12.E2.PropertiesBankTransaction.csproj", "{C017EC70-E615-429D-BD62-0CAC4D5F8BAA}"
EndProject
Project("{FAE04EC0-301F-11D3-BF4B-00C04F79EFBC}") = "ITMO.CSCourse2021.Labs.Lab12.E3.Indexers", "ITMO.CSCourse2021.Labs.Lab12.E3.Indexers\ITMO.CSCourse2021.Labs.Lab12.E3.Indexers.csproj", "{F6348A3D-430F-4406-9F06-EDA21C37A4A1}"
EndProject
Project("{2150E333-8FDC-42A3-9474-1A3956D46DE8}") = "Labs13", "Labs13", "{51617614-4A7B-4989-91B1-D33427462C48}"
EndProject
Project("{FAE04EC0-301F-11D3-BF4B-00C04F79EFBC}") = "ITMO.CSCourse2021.Labs.Lab13.E1.UseAttributeConditional", "ITMO.CSCourse2021.Labs.Lab13.E1.UseAttributeConditional\ITMO.CSCourse2021.Labs.Lab13.E1.UseAttributeConditional.csproj", "{123A9980-9B80-4722-B6BF-DED90A95E43F}"
EndProject
Project("{FAE04EC0-301F-11D3-BF4B-00C04F79EFBC}") = "ITMO.CSCourse2021.Labs.Lab13.E2.DeveloperInfoAttribute", "ITMO.CSCourse2021.Labs.Lab13.E2.DeveloperInfoAttribute\ITMO.CSCourse2021.Labs.Lab13.E2.DeveloperInfoAttribute.csproj", "{E908528F-44CA-4481-9A71-087B1E62B796}"
EndProject
Project("{FAE04EC0-301F-11D3-BF4B-00C04F79EFBC}") = "ITMO.CSCourse2021.Labs.Lab13.E2.DeveloperInfoAttribute.DLL", "ITMO.CSCourse2021.Labs.Lab13.E2.DeveloperInfoAttribute.DLL\ITMO.CSCourse2021.Labs.Lab13.E2.DeveloperInfoAttribute.DLL.csproj", "{BBD40830-FED3-48E5-A6CA-ED0CBCFE33BC}"
EndProject
Global
	GlobalSection(SolutionConfigurationPlatforms) = preSolution
		Debug|Any CPU = Debug|Any CPU
		Release|Any CPU = Release|Any CPU
	EndGlobalSection
	GlobalSection(ProjectConfigurationPlatforms) = postSolution
		{CA64CF4B-276C-401A-AB7B-B2EEB215D6F2}.Debug|Any CPU.ActiveCfg = Debug|Any CPU
		{CA64CF4B-276C-401A-AB7B-B2EEB215D6F2}.Debug|Any CPU.Build.0 = Debug|Any CPU
		{CA64CF4B-276C-401A-AB7B-B2EEB215D6F2}.Release|Any CPU.ActiveCfg = Release|Any CPU
		{CA64CF4B-276C-401A-AB7B-B2EEB215D6F2}.Release|Any CPU.Build.0 = Release|Any CPU
		{5FE3CF93-27B0-4270-9395-D29000E99B36}.Debug|Any CPU.ActiveCfg = Debug|Any CPU
		{5FE3CF93-27B0-4270-9395-D29000E99B36}.Debug|Any CPU.Build.0 = Debug|Any CPU
		{5FE3CF93-27B0-4270-9395-D29000E99B36}.Release|Any CPU.ActiveCfg = Release|Any CPU
		{5FE3CF93-27B0-4270-9395-D29000E99B36}.Release|Any CPU.Build.0 = Release|Any CPU
		{278B4231-394A-4912-B182-81D7121205F3}.Debug|Any CPU.ActiveCfg = Debug|Any CPU
		{278B4231-394A-4912-B182-81D7121205F3}.Debug|Any CPU.Build.0 = Debug|Any CPU
		{278B4231-394A-4912-B182-81D7121205F3}.Release|Any CPU.ActiveCfg = Release|Any CPU
		{278B4231-394A-4912-B182-81D7121205F3}.Release|Any CPU.Build.0 = Release|Any CPU
		{2F4F0CAA-D1C1-47F2-BD2A-AB844AD76BF9}.Debug|Any CPU.ActiveCfg = Debug|Any CPU
		{2F4F0CAA-D1C1-47F2-BD2A-AB844AD76BF9}.Debug|Any CPU.Build.0 = Debug|Any CPU
		{2F4F0CAA-D1C1-47F2-BD2A-AB844AD76BF9}.Release|Any CPU.ActiveCfg = Release|Any CPU
		{2F4F0CAA-D1C1-47F2-BD2A-AB844AD76BF9}.Release|Any CPU.Build.0 = Release|Any CPU
		{84A1F74F-3AD2-492C-86DD-7ABE1E3CB4BB}.Debug|Any CPU.ActiveCfg = Debug|Any CPU
		{84A1F74F-3AD2-492C-86DD-7ABE1E3CB4BB}.Debug|Any CPU.Build.0 = Debug|Any CPU
		{84A1F74F-3AD2-492C-86DD-7ABE1E3CB4BB}.Release|Any CPU.ActiveCfg = Release|Any CPU
		{84A1F74F-3AD2-492C-86DD-7ABE1E3CB4BB}.Release|Any CPU.Build.0 = Release|Any CPU
		{C573C599-2AEC-4579-BDE8-849604683B65}.Debug|Any CPU.ActiveCfg = Debug|Any CPU
		{C573C599-2AEC-4579-BDE8-849604683B65}.Debug|Any CPU.Build.0 = Debug|Any CPU
		{C573C599-2AEC-4579-BDE8-849604683B65}.Release|Any CPU.ActiveCfg = Release|Any CPU
		{C573C599-2AEC-4579-BDE8-849604683B65}.Release|Any CPU.Build.0 = Release|Any CPU
		{CAFF0CB0-EFA7-4F00-A85F-459AA736EF25}.Debug|Any CPU.ActiveCfg = Debug|Any CPU
		{CAFF0CB0-EFA7-4F00-A85F-459AA736EF25}.Debug|Any CPU.Build.0 = Debug|Any CPU
		{CAFF0CB0-EFA7-4F00-A85F-459AA736EF25}.Release|Any CPU.ActiveCfg = Release|Any CPU
		{CAFF0CB0-EFA7-4F00-A85F-459AA736EF25}.Release|Any CPU.Build.0 = Release|Any CPU
		{8BABD5F0-7D91-4210-BD08-56AE577834F6}.Debug|Any CPU.ActiveCfg = Debug|Any CPU
		{8BABD5F0-7D91-4210-BD08-56AE577834F6}.Debug|Any CPU.Build.0 = Debug|Any CPU
		{8BABD5F0-7D91-4210-BD08-56AE577834F6}.Release|Any CPU.ActiveCfg = Release|Any CPU
		{8BABD5F0-7D91-4210-BD08-56AE577834F6}.Release|Any CPU.Build.0 = Release|Any CPU
		{6866EB42-2212-4EDE-82C5-ABD12F5C59BC}.Debug|Any CPU.ActiveCfg = Debug|Any CPU
		{6866EB42-2212-4EDE-82C5-ABD12F5C59BC}.Debug|Any CPU.Build.0 = Debug|Any CPU
		{6866EB42-2212-4EDE-82C5-ABD12F5C59BC}.Release|Any CPU.ActiveCfg = Release|Any CPU
		{6866EB42-2212-4EDE-82C5-ABD12F5C59BC}.Release|Any CPU.Build.0 = Release|Any CPU
		{61B47F97-D045-4C5B-A915-6F334A6827C7}.Debug|Any CPU.ActiveCfg = Debug|Any CPU
		{61B47F97-D045-4C5B-A915-6F334A6827C7}.Debug|Any CPU.Build.0 = Debug|Any CPU
		{61B47F97-D045-4C5B-A915-6F334A6827C7}.Release|Any CPU.ActiveCfg = Release|Any CPU
		{61B47F97-D045-4C5B-A915-6F334A6827C7}.Release|Any CPU.Build.0 = Release|Any CPU
		{2E145E2A-BE16-4E31-9850-A86FB1E1BCD6}.Debug|Any CPU.ActiveCfg = Debug|Any CPU
		{2E145E2A-BE16-4E31-9850-A86FB1E1BCD6}.Debug|Any CPU.Build.0 = Debug|Any CPU
		{2E145E2A-BE16-4E31-9850-A86FB1E1BCD6}.Release|Any CPU.ActiveCfg = Release|Any CPU
		{2E145E2A-BE16-4E31-9850-A86FB1E1BCD6}.Release|Any CPU.Build.0 = Release|Any CPU
		{F72B6CF5-08E3-4E71-AEC2-9406B13824F1}.Debug|Any CPU.ActiveCfg = Debug|Any CPU
		{F72B6CF5-08E3-4E71-AEC2-9406B13824F1}.Debug|Any CPU.Build.0 = Debug|Any CPU
		{F72B6CF5-08E3-4E71-AEC2-9406B13824F1}.Release|Any CPU.ActiveCfg = Release|Any CPU
		{F72B6CF5-08E3-4E71-AEC2-9406B13824F1}.Release|Any CPU.Build.0 = Release|Any CPU
		{8BECD656-B549-4304-BF4E-CD5EE904463D}.Debug|Any CPU.ActiveCfg = Debug|Any CPU
		{8BECD656-B549-4304-BF4E-CD5EE904463D}.Debug|Any CPU.Build.0 = Debug|Any CPU
		{8BECD656-B549-4304-BF4E-CD5EE904463D}.Release|Any CPU.ActiveCfg = Release|Any CPU
		{8BECD656-B549-4304-BF4E-CD5EE904463D}.Release|Any CPU.Build.0 = Release|Any CPU
		{94D5B188-5E60-4C01-A6F6-CC0C727DC0EB}.Debug|Any CPU.ActiveCfg = Debug|Any CPU
		{94D5B188-5E60-4C01-A6F6-CC0C727DC0EB}.Debug|Any CPU.Build.0 = Debug|Any CPU
		{94D5B188-5E60-4C01-A6F6-CC0C727DC0EB}.Release|Any CPU.ActiveCfg = Release|Any CPU
		{94D5B188-5E60-4C01-A6F6-CC0C727DC0EB}.Release|Any CPU.Build.0 = Release|Any CPU
		{63AB4214-4C5B-4FFA-A033-5436E9EB7993}.Debug|Any CPU.ActiveCfg = Debug|Any CPU
		{63AB4214-4C5B-4FFA-A033-5436E9EB7993}.Debug|Any CPU.Build.0 = Debug|Any CPU
		{63AB4214-4C5B-4FFA-A033-5436E9EB7993}.Release|Any CPU.ActiveCfg = Release|Any CPU
		{63AB4214-4C5B-4FFA-A033-5436E9EB7993}.Release|Any CPU.Build.0 = Release|Any CPU
		{83DDFB99-2B60-4EA2-8387-ABAE1D5E30DF}.Debug|Any CPU.ActiveCfg = Debug|Any CPU
		{83DDFB99-2B60-4EA2-8387-ABAE1D5E30DF}.Debug|Any CPU.Build.0 = Debug|Any CPU
		{83DDFB99-2B60-4EA2-8387-ABAE1D5E30DF}.Release|Any CPU.ActiveCfg = Release|Any CPU
		{83DDFB99-2B60-4EA2-8387-ABAE1D5E30DF}.Release|Any CPU.Build.0 = Release|Any CPU
		{51FC0FAD-2422-4F22-86BD-808FFD5B1BEA}.Debug|Any CPU.ActiveCfg = Debug|Any CPU
		{51FC0FAD-2422-4F22-86BD-808FFD5B1BEA}.Debug|Any CPU.Build.0 = Debug|Any CPU
		{51FC0FAD-2422-4F22-86BD-808FFD5B1BEA}.Release|Any CPU.ActiveCfg = Release|Any CPU
		{51FC0FAD-2422-4F22-86BD-808FFD5B1BEA}.Release|Any CPU.Build.0 = Release|Any CPU
		{30CABFF6-78D9-4EA1-A757-C722D6CD67C2}.Debug|Any CPU.ActiveCfg = Debug|Any CPU
		{30CABFF6-78D9-4EA1-A757-C722D6CD67C2}.Debug|Any CPU.Build.0 = Debug|Any CPU
		{30CABFF6-78D9-4EA1-A757-C722D6CD67C2}.Release|Any CPU.ActiveCfg = Release|Any CPU
		{30CABFF6-78D9-4EA1-A757-C722D6CD67C2}.Release|Any CPU.Build.0 = Release|Any CPU
		{C73D6D42-32DB-4A78-907B-2FF374631ADE}.Debug|Any CPU.ActiveCfg = Debug|Any CPU
		{C73D6D42-32DB-4A78-907B-2FF374631ADE}.Debug|Any CPU.Build.0 = Debug|Any CPU
		{C73D6D42-32DB-4A78-907B-2FF374631ADE}.Release|Any CPU.ActiveCfg = Release|Any CPU
		{C73D6D42-32DB-4A78-907B-2FF374631ADE}.Release|Any CPU.Build.0 = Release|Any CPU
		{6799C48E-8141-4E57-9B64-5B9DA542323A}.Debug|Any CPU.ActiveCfg = Debug|Any CPU
		{6799C48E-8141-4E57-9B64-5B9DA542323A}.Debug|Any CPU.Build.0 = Debug|Any CPU
		{6799C48E-8141-4E57-9B64-5B9DA542323A}.Release|Any CPU.ActiveCfg = Release|Any CPU
		{6799C48E-8141-4E57-9B64-5B9DA542323A}.Release|Any CPU.Build.0 = Release|Any CPU
		{17103D9B-DA8C-44D0-B7D6-4D8DC9FAAB8B}.Debug|Any CPU.ActiveCfg = Debug|Any CPU
		{17103D9B-DA8C-44D0-B7D6-4D8DC9FAAB8B}.Debug|Any CPU.Build.0 = Debug|Any CPU
		{17103D9B-DA8C-44D0-B7D6-4D8DC9FAAB8B}.Release|Any CPU.ActiveCfg = Release|Any CPU
		{17103D9B-DA8C-44D0-B7D6-4D8DC9FAAB8B}.Release|Any CPU.Build.0 = Release|Any CPU
		{6A1C0ACD-3F70-4E3F-BE62-11805C3EC29B}.Debug|Any CPU.ActiveCfg = Debug|Any CPU
		{6A1C0ACD-3F70-4E3F-BE62-11805C3EC29B}.Debug|Any CPU.Build.0 = Debug|Any CPU
		{6A1C0ACD-3F70-4E3F-BE62-11805C3EC29B}.Release|Any CPU.ActiveCfg = Release|Any CPU
		{6A1C0ACD-3F70-4E3F-BE62-11805C3EC29B}.Release|Any CPU.Build.0 = Release|Any CPU
		{2CBF80E0-D928-4B52-80E5-62198254E5D5}.Debug|Any CPU.ActiveCfg = Debug|Any CPU
		{2CBF80E0-D928-4B52-80E5-62198254E5D5}.Debug|Any CPU.Build.0 = Debug|Any CPU
		{2CBF80E0-D928-4B52-80E5-62198254E5D5}.Release|Any CPU.ActiveCfg = Release|Any CPU
		{2CBF80E0-D928-4B52-80E5-62198254E5D5}.Release|Any CPU.Build.0 = Release|Any CPU
		{07DF9EF3-4F78-47C4-856F-7F5E9D9089C1}.Debug|Any CPU.ActiveCfg = Debug|Any CPU
		{07DF9EF3-4F78-47C4-856F-7F5E9D9089C1}.Debug|Any CPU.Build.0 = Debug|Any CPU
		{07DF9EF3-4F78-47C4-856F-7F5E9D9089C1}.Release|Any CPU.ActiveCfg = Release|Any CPU
		{07DF9EF3-4F78-47C4-856F-7F5E9D9089C1}.Release|Any CPU.Build.0 = Release|Any CPU
		{36860563-9E2E-4F74-8819-C0D3438CAE40}.Debug|Any CPU.ActiveCfg = Debug|Any CPU
		{36860563-9E2E-4F74-8819-C0D3438CAE40}.Debug|Any CPU.Build.0 = Debug|Any CPU
		{36860563-9E2E-4F74-8819-C0D3438CAE40}.Release|Any CPU.ActiveCfg = Release|Any CPU
		{36860563-9E2E-4F74-8819-C0D3438CAE40}.Release|Any CPU.Build.0 = Release|Any CPU
		{E8E20535-5397-4652-B89A-39E66CE70D60}.Debug|Any CPU.ActiveCfg = Debug|Any CPU
		{E8E20535-5397-4652-B89A-39E66CE70D60}.Debug|Any CPU.Build.0 = Debug|Any CPU
		{E8E20535-5397-4652-B89A-39E66CE70D60}.Release|Any CPU.ActiveCfg = Release|Any CPU
		{E8E20535-5397-4652-B89A-39E66CE70D60}.Release|Any CPU.Build.0 = Release|Any CPU
		{2D5B7DB6-834C-4AE7-B5D6-0F5A4CFE784C}.Debug|Any CPU.ActiveCfg = Debug|Any CPU
		{2D5B7DB6-834C-4AE7-B5D6-0F5A4CFE784C}.Debug|Any CPU.Build.0 = Debug|Any CPU
		{2D5B7DB6-834C-4AE7-B5D6-0F5A4CFE784C}.Release|Any CPU.ActiveCfg = Release|Any CPU
		{2D5B7DB6-834C-4AE7-B5D6-0F5A4CFE784C}.Release|Any CPU.Build.0 = Release|Any CPU
		{4CAE4459-C392-414A-A06E-B5875C1B5EC7}.Debug|Any CPU.ActiveCfg = Debug|Any CPU
		{4CAE4459-C392-414A-A06E-B5875C1B5EC7}.Debug|Any CPU.Build.0 = Debug|Any CPU
		{4CAE4459-C392-414A-A06E-B5875C1B5EC7}.Release|Any CPU.ActiveCfg = Release|Any CPU
		{4CAE4459-C392-414A-A06E-B5875C1B5EC7}.Release|Any CPU.Build.0 = Release|Any CPU
		{3824B089-46C6-4C56-ACE9-0CBB1884CC05}.Debug|Any CPU.ActiveCfg = Debug|Any CPU
		{3824B089-46C6-4C56-ACE9-0CBB1884CC05}.Debug|Any CPU.Build.0 = Debug|Any CPU
		{3824B089-46C6-4C56-ACE9-0CBB1884CC05}.Release|Any CPU.ActiveCfg = Release|Any CPU
		{3824B089-46C6-4C56-ACE9-0CBB1884CC05}.Release|Any CPU.Build.0 = Release|Any CPU
		{71E26029-AC50-4EFF-B898-107CB6E4374B}.Debug|Any CPU.ActiveCfg = Debug|Any CPU
		{71E26029-AC50-4EFF-B898-107CB6E4374B}.Debug|Any CPU.Build.0 = Debug|Any CPU
		{71E26029-AC50-4EFF-B898-107CB6E4374B}.Release|Any CPU.ActiveCfg = Release|Any CPU
		{71E26029-AC50-4EFF-B898-107CB6E4374B}.Release|Any CPU.Build.0 = Release|Any CPU
		{21257C99-9595-4F16-8985-F1285ED1D82C}.Debug|Any CPU.ActiveCfg = Debug|Any CPU
		{21257C99-9595-4F16-8985-F1285ED1D82C}.Debug|Any CPU.Build.0 = Debug|Any CPU
		{21257C99-9595-4F16-8985-F1285ED1D82C}.Release|Any CPU.ActiveCfg = Release|Any CPU
		{21257C99-9595-4F16-8985-F1285ED1D82C}.Release|Any CPU.Build.0 = Release|Any CPU
		{AD522D77-E6ED-40B8-B1E8-7ECACF97CA4D}.Debug|Any CPU.ActiveCfg = Debug|Any CPU
		{AD522D77-E6ED-40B8-B1E8-7ECACF97CA4D}.Debug|Any CPU.Build.0 = Debug|Any CPU
		{AD522D77-E6ED-40B8-B1E8-7ECACF97CA4D}.Release|Any CPU.ActiveCfg = Release|Any CPU
		{AD522D77-E6ED-40B8-B1E8-7ECACF97CA4D}.Release|Any CPU.Build.0 = Release|Any CPU
		{C051B9AC-FEAE-4F5D-B1EC-A4692BE16B0B}.Debug|Any CPU.ActiveCfg = Debug|Any CPU
		{C051B9AC-FEAE-4F5D-B1EC-A4692BE16B0B}.Debug|Any CPU.Build.0 = Debug|Any CPU
		{C051B9AC-FEAE-4F5D-B1EC-A4692BE16B0B}.Release|Any CPU.ActiveCfg = Release|Any CPU
		{C051B9AC-FEAE-4F5D-B1EC-A4692BE16B0B}.Release|Any CPU.Build.0 = Release|Any CPU
		{C017EC70-E615-429D-BD62-0CAC4D5F8BAA}.Debug|Any CPU.ActiveCfg = Debug|Any CPU
		{C017EC70-E615-429D-BD62-0CAC4D5F8BAA}.Debug|Any CPU.Build.0 = Debug|Any CPU
		{C017EC70-E615-429D-BD62-0CAC4D5F8BAA}.Release|Any CPU.ActiveCfg = Release|Any CPU
		{C017EC70-E615-429D-BD62-0CAC4D5F8BAA}.Release|Any CPU.Build.0 = Release|Any CPU
		{F6348A3D-430F-4406-9F06-EDA21C37A4A1}.Debug|Any CPU.ActiveCfg = Debug|Any CPU
		{F6348A3D-430F-4406-9F06-EDA21C37A4A1}.Debug|Any CPU.Build.0 = Debug|Any CPU
		{F6348A3D-430F-4406-9F06-EDA21C37A4A1}.Release|Any CPU.ActiveCfg = Release|Any CPU
		{F6348A3D-430F-4406-9F06-EDA21C37A4A1}.Release|Any CPU.Build.0 = Release|Any CPU
		{123A9980-9B80-4722-B6BF-DED90A95E43F}.Debug|Any CPU.ActiveCfg = Debug|Any CPU
		{123A9980-9B80-4722-B6BF-DED90A95E43F}.Debug|Any CPU.Build.0 = Debug|Any CPU
		{123A9980-9B80-4722-B6BF-DED90A95E43F}.Release|Any CPU.ActiveCfg = Release|Any CPU
		{123A9980-9B80-4722-B6BF-DED90A95E43F}.Release|Any CPU.Build.0 = Release|Any CPU
		{E908528F-44CA-4481-9A71-087B1E62B796}.Debug|Any CPU.ActiveCfg = Debug|Any CPU
		{E908528F-44CA-4481-9A71-087B1E62B796}.Debug|Any CPU.Build.0 = Debug|Any CPU
		{E908528F-44CA-4481-9A71-087B1E62B796}.Release|Any CPU.ActiveCfg = Release|Any CPU
		{E908528F-44CA-4481-9A71-087B1E62B796}.Release|Any CPU.Build.0 = Release|Any CPU
		{BBD40830-FED3-48E5-A6CA-ED0CBCFE33BC}.Debug|Any CPU.ActiveCfg = Debug|Any CPU
		{BBD40830-FED3-48E5-A6CA-ED0CBCFE33BC}.Debug|Any CPU.Build.0 = Debug|Any CPU
		{BBD40830-FED3-48E5-A6CA-ED0CBCFE33BC}.Release|Any CPU.ActiveCfg = Release|Any CPU
		{BBD40830-FED3-48E5-A6CA-ED0CBCFE33BC}.Release|Any CPU.Build.0 = Release|Any CPU
	EndGlobalSection
	GlobalSection(SolutionProperties) = preSolution
		HideSolutionNode = FALSE
	EndGlobalSection
	GlobalSection(NestedProjects) = preSolution
		{CA64CF4B-276C-401A-AB7B-B2EEB215D6F2} = {4EDE6F59-E019-461C-9F82-29DC3F446999}
		{5FE3CF93-27B0-4270-9395-D29000E99B36} = {A8E7741B-7D99-4B2F-B524-38009E1F3001}
		{278B4231-394A-4912-B182-81D7121205F3} = {A8E7741B-7D99-4B2F-B524-38009E1F3001}
		{2F4F0CAA-D1C1-47F2-BD2A-AB844AD76BF9} = {A8E7741B-7D99-4B2F-B524-38009E1F3001}
		{84A1F74F-3AD2-492C-86DD-7ABE1E3CB4BB} = {0E87F2B3-A2F2-46DC-A2CD-647EBEA84314}
		{C573C599-2AEC-4579-BDE8-849604683B65} = {8F9CB6DB-535A-40CF-9BE5-ED8E79EEB59A}
		{CAFF0CB0-EFA7-4F00-A85F-459AA736EF25} = {1998AC0D-9C46-4B7E-84F0-32B2A6D4F3C4}
		{8BABD5F0-7D91-4210-BD08-56AE577834F6} = {1998AC0D-9C46-4B7E-84F0-32B2A6D4F3C4}
		{6866EB42-2212-4EDE-82C5-ABD12F5C59BC} = {A8E7741B-7D99-4B2F-B524-38009E1F3001}
		{61B47F97-D045-4C5B-A915-6F334A6827C7} = {8F9CB6DB-535A-40CF-9BE5-ED8E79EEB59A}
		{2E145E2A-BE16-4E31-9850-A86FB1E1BCD6} = {8F9CB6DB-535A-40CF-9BE5-ED8E79EEB59A}
		{F72B6CF5-08E3-4E71-AEC2-9406B13824F1} = {8F9CB6DB-535A-40CF-9BE5-ED8E79EEB59A}
		{8BECD656-B549-4304-BF4E-CD5EE904463D} = {8F9CB6DB-535A-40CF-9BE5-ED8E79EEB59A}
		{94D5B188-5E60-4C01-A6F6-CC0C727DC0EB} = {9E42D6FD-2743-44E3-A356-D270E48F15AC}
		{63AB4214-4C5B-4FFA-A033-5436E9EB7993} = {9E42D6FD-2743-44E3-A356-D270E48F15AC}
		{83DDFB99-2B60-4EA2-8387-ABAE1D5E30DF} = {9E42D6FD-2743-44E3-A356-D270E48F15AC}
		{51FC0FAD-2422-4F22-86BD-808FFD5B1BEA} = {9E42D6FD-2743-44E3-A356-D270E48F15AC}
		{30CABFF6-78D9-4EA1-A757-C722D6CD67C2} = {9E42D6FD-2743-44E3-A356-D270E48F15AC}
		{C73D6D42-32DB-4A78-907B-2FF374631ADE} = {40B48AA6-1FD4-4442-9537-129A9C0F862A}
		{6799C48E-8141-4E57-9B64-5B9DA542323A} = {40B48AA6-1FD4-4442-9537-129A9C0F862A}
		{17103D9B-DA8C-44D0-B7D6-4D8DC9FAAB8B} = {40B48AA6-1FD4-4442-9537-129A9C0F862A}
		{6A1C0ACD-3F70-4E3F-BE62-11805C3EC29B} = {40B48AA6-1FD4-4442-9537-129A9C0F862A}
		{2CBF80E0-D928-4B52-80E5-62198254E5D5} = {40B48AA6-1FD4-4442-9537-129A9C0F862A}
		{07DF9EF3-4F78-47C4-856F-7F5E9D9089C1} = {AF788230-DCCD-430C-85E5-B3CDBE44D2F7}
		{36860563-9E2E-4F74-8819-C0D3438CAE40} = {AF788230-DCCD-430C-85E5-B3CDBE44D2F7}
		{E8E20535-5397-4652-B89A-39E66CE70D60} = {AF788230-DCCD-430C-85E5-B3CDBE44D2F7}
		{2D5B7DB6-834C-4AE7-B5D6-0F5A4CFE784C} = {A7B3EC25-7791-425F-AA67-39899CECC403}
		{4CAE4459-C392-414A-A06E-B5875C1B5EC7} = {A7B3EC25-7791-425F-AA67-39899CECC403}
		{3824B089-46C6-4C56-ACE9-0CBB1884CC05} = {6A3C9C62-3229-447B-9339-6077F396CFF3}
		{71E26029-AC50-4EFF-B898-107CB6E4374B} = {6A3C9C62-3229-447B-9339-6077F396CFF3}
		{21257C99-9595-4F16-8985-F1285ED1D82C} = {BB84D10E-E0D6-452C-BEA7-FDD3A1E0FB85}
		{AD522D77-E6ED-40B8-B1E8-7ECACF97CA4D} = {BB84D10E-E0D6-452C-BEA7-FDD3A1E0FB85}
		{C051B9AC-FEAE-4F5D-B1EC-A4692BE16B0B} = {014FE7E7-A290-4080-A426-75B5FF20FBDB}
		{C017EC70-E615-429D-BD62-0CAC4D5F8BAA} = {014FE7E7-A290-4080-A426-75B5FF20FBDB}
		{F6348A3D-430F-4406-9F06-EDA21C37A4A1} = {014FE7E7-A290-4080-A426-75B5FF20FBDB}
		{123A9980-9B80-4722-B6BF-DED90A95E43F} = {51617614-4A7B-4989-91B1-D33427462C48}
		{E908528F-44CA-4481-9A71-087B1E62B796} = {51617614-4A7B-4989-91B1-D33427462C48}
		{BBD40830-FED3-48E5-A6CA-ED0CBCFE33BC} = {51617614-4A7B-4989-91B1-D33427462C48}
	EndGlobalSection
	GlobalSection(ExtensibilityGlobals) = postSolution
		SolutionGuid = {21C01442-98CC-46D8-80B6-3AFCBBB0A6E1}
	EndGlobalSection
EndGlobal
