
Microsoft Visual Studio Solution File, Format Version 12.00
# Visual Studio Version 16
VisualStudioVersion = 16.0.30523.141
MinimumVisualStudioVersion = 10.0.40219.1
Project("{FAE04EC0-301F-11D3-BF4B-00C04F79EFBC}") = "ITMO.CSCourse2021.Labs.Lab01", "ITMO.CSCourse2021.Labs.Lab1\ITMO.CSCourse2021.Labs.Lab01.csproj", "{CA64CF4B-276C-401A-AB7B-B2EEB215D6F2}"
EndProject
Project("{FAE04EC0-301F-11D3-BF4B-00C04F79EFBC}") = "ITMO.CSCourse2021.Labs.Lab03_0Switch", "ITMO.CSCourse2021.Labs.Lab03\ITMO.CSCourse2021.Labs.Lab03_0Switch.csproj", "{5FE3CF93-27B0-4270-9395-D29000E99B36}"
EndProject
Project("{FAE04EC0-301F-11D3-BF4B-00C04F79EFBC}") = "ITMO.CSCourse2021.Labs.Lab03_1ForEnum", "ITMO.CSCourse2021.Labs.Lab03_ForEnum\ITMO.CSCourse2021.Labs.Lab03_1ForEnum.csproj", "{278B4231-394A-4912-B182-81D7121205F3}"
EndProject
Project("{FAE04EC0-301F-11D3-BF4B-00C04F79EFBC}") = "ITMO.CSCourse2021.Labs.Lab03_2Exception", "ITMO.CSCourse2021.Labs.Lab03_02Exception\ITMO.CSCourse2021.Labs.Lab03_2Exception.csproj", "{2F4F0CAA-D1C1-47F2-BD2A-AB844AD76BF9}"
EndProject
Project("{2150E333-8FDC-42A3-9474-1A3956D46DE8}") = "Labs01", "Labs01", "{4EDE6F59-E019-461C-9F82-29DC3F446999}"
EndProject
Project("{2150E333-8FDC-42A3-9474-1A3956D46DE8}") = "Labs02", "Labs02", "{1998AC0D-9C46-4B7E-84F0-32B2A6D4F3C4}"
EndProject
Project("{2150E333-8FDC-42A3-9474-1A3956D46DE8}") = "Labs03", "Labs03", "{A8E7741B-7D99-4B2F-B524-38009E1F3001}"
EndProject
Project("{2150E333-8FDC-42A3-9474-1A3956D46DE8}") = "Labs04", "Labs04", "{0E87F2B3-A2F2-46DC-A2CD-647EBEA84314}"
EndProject
Project("{FAE04EC0-301F-11D3-BF4B-00C04F79EFBC}") = "ITMO.CSCourse2021.Labs.Lab04._01", "ITMO.CSCourse2021.Labs.Lab04._01\ITMO.CSCourse2021.Labs.Lab04._01.csproj", "{84A1F74F-3AD2-492C-86DD-7ABE1E3CB4BB}"
EndProject
Project("{2150E333-8FDC-42A3-9474-1A3956D46DE8}") = "Labs05", "Labs05", "{8F9CB6DB-535A-40CF-9BE5-ED8E79EEB59A}"
EndProject
Project("{FAE04EC0-301F-11D3-BF4B-00C04F79EFBC}") = "ITMO.CSCourse2021.Labs.Lab05._01Arguments", "ITMO.CSCourse2021.Labs.Lab05._01\ITMO.CSCourse2021.Labs.Lab05._01Arguments.csproj", "{C573C599-2AEC-4579-BDE8-849604683B65}"
EndProject
Project("{FAE04EC0-301F-11D3-BF4B-00C04F79EFBC}") = "ITMO.CSCourse2021.Labs.Lab02_Enum", "ITMO.CSCourse2021.Labs.Lab02_Enum\ITMO.CSCourse2021.Labs.Lab02_Enum.csproj", "{CAFF0CB0-EFA7-4F00-A85F-459AA736EF25}"
EndProject
Project("{FAE04EC0-301F-11D3-BF4B-00C04F79EFBC}") = "ITMO.CSCourse2021.Labs.Lab02_Struct", "ITMO.CSCourse2021.Labs.Lab02_Struct\ITMO.CSCourse2021.Labs.Lab02_Struct.csproj", "{8BABD5F0-7D91-4210-BD08-56AE577834F6}"
EndProject
Project("{FAE04EC0-301F-11D3-BF4B-00C04F79EFBC}") = "ITMO.CSCourse2021.Labs.Lab03_4.Leap years", "ITMO.CSCourse2021.Labs.Lab03_4.Leap years\ITMO.CSCourse2021.Labs.Lab03_4.Leap years.csproj", "{6866EB42-2212-4EDE-82C5-ABD12F5C59BC}"
EndProject
Project("{FAE04EC0-301F-11D3-BF4B-00C04F79EFBC}") = "ITMO.CSCourse2021.Labs.Lab05._02", "ITMO.CSCourse2021.Labs.Lab05._02\ITMO.CSCourse2021.Labs.Lab05._02.csproj", "{61B47F97-D045-4C5B-A915-6F334A6827C7}"
EndProject
Project("{FAE04EC0-301F-11D3-BF4B-00C04F79EFBC}") = "ITMO.CSCourse2021.Labs.Lab05._03", "ITMO.CSCourse2021.Labs.Lab05._03\ITMO.CSCourse2021.Labs.Lab05._03.csproj", "{2E145E2A-BE16-4E31-9850-A86FB1E1BCD6}"
EndProject
Project("{FAE04EC0-301F-11D3-BF4B-00C04F79EFBC}") = "ITMO.CSCourse2021.Labs.Lab05._04.MatrixMultiply", "ITMO.CSCourse2021.Labs.Lab05._04.MatrixMultiply\ITMO.CSCourse2021.Labs.Lab05._04.MatrixMultiply.csproj", "{F72B6CF5-08E3-4E71-AEC2-9406B13824F1}"
EndProject
Project("{FAE04EC0-301F-11D3-BF4B-00C04F79EFBC}") = "ITMO.CSCourse2021.Labs.Lab05._05.FinalMatrix", "ITMO.CSCourse2021.Labs.Lab05._05.FinalMatrix\ITMO.CSCourse2021.Labs.Lab05._05.FinalMatrix.csproj", "{8BECD656-B549-4304-BF4E-CD5EE904463D}"
EndProject
Global
	GlobalSection(SolutionConfigurationPlatforms) = preSolution
		Debug|Any CPU = Debug|Any CPU
		Release|Any CPU = Release|Any CPU
	EndGlobalSection
	GlobalSection(ProjectConfigurationPlatforms) = postSolution
		{CA64CF4B-276C-401A-AB7B-B2EEB215D6F2}.Debug|Any CPU.ActiveCfg = Debug|Any CPU
		{CA64CF4B-276C-401A-AB7B-B2EEB215D6F2}.Debug|Any CPU.Build.0 = Debug|Any CPU
		{CA64CF4B-276C-401A-AB7B-B2EEB215D6F2}.Release|Any CPU.ActiveCfg = Release|Any CPU
		{CA64CF4B-276C-401A-AB7B-B2EEB215D6F2}.Release|Any CPU.Build.0 = Release|Any CPU
		{5FE3CF93-27B0-4270-9395-D29000E99B36}.Debug|Any CPU.ActiveCfg = Debug|Any CPU
		{5FE3CF93-27B0-4270-9395-D29000E99B36}.Debug|Any CPU.Build.0 = Debug|Any CPU
		{5FE3CF93-27B0-4270-9395-D29000E99B36}.Release|Any CPU.ActiveCfg = Release|Any CPU
		{5FE3CF93-27B0-4270-9395-D29000E99B36}.Release|Any CPU.Build.0 = Release|Any CPU
		{278B4231-394A-4912-B182-81D7121205F3}.Debug|Any CPU.ActiveCfg = Debug|Any CPU
		{278B4231-394A-4912-B182-81D7121205F3}.Debug|Any CPU.Build.0 = Debug|Any CPU
		{278B4231-394A-4912-B182-81D7121205F3}.Release|Any CPU.ActiveCfg = Release|Any CPU
		{278B4231-394A-4912-B182-81D7121205F3}.Release|Any CPU.Build.0 = Release|Any CPU
		{2F4F0CAA-D1C1-47F2-BD2A-AB844AD76BF9}.Debug|Any CPU.ActiveCfg = Debug|Any CPU
		{2F4F0CAA-D1C1-47F2-BD2A-AB844AD76BF9}.Debug|Any CPU.Build.0 = Debug|Any CPU
		{2F4F0CAA-D1C1-47F2-BD2A-AB844AD76BF9}.Release|Any CPU.ActiveCfg = Release|Any CPU
		{2F4F0CAA-D1C1-47F2-BD2A-AB844AD76BF9}.Release|Any CPU.Build.0 = Release|Any CPU
		{84A1F74F-3AD2-492C-86DD-7ABE1E3CB4BB}.Debug|Any CPU.ActiveCfg = Debug|Any CPU
		{84A1F74F-3AD2-492C-86DD-7ABE1E3CB4BB}.Debug|Any CPU.Build.0 = Debug|Any CPU
		{84A1F74F-3AD2-492C-86DD-7ABE1E3CB4BB}.Release|Any CPU.ActiveCfg = Release|Any CPU
		{84A1F74F-3AD2-492C-86DD-7ABE1E3CB4BB}.Release|Any CPU.Build.0 = Release|Any CPU
		{C573C599-2AEC-4579-BDE8-849604683B65}.Debug|Any CPU.ActiveCfg = Debug|Any CPU
		{C573C599-2AEC-4579-BDE8-849604683B65}.Debug|Any CPU.Build.0 = Debug|Any CPU
		{C573C599-2AEC-4579-BDE8-849604683B65}.Release|Any CPU.ActiveCfg = Release|Any CPU
		{C573C599-2AEC-4579-BDE8-849604683B65}.Release|Any CPU.Build.0 = Release|Any CPU
		{CAFF0CB0-EFA7-4F00-A85F-459AA736EF25}.Debug|Any CPU.ActiveCfg = Debug|Any CPU
		{CAFF0CB0-EFA7-4F00-A85F-459AA736EF25}.Debug|Any CPU.Build.0 = Debug|Any CPU
		{CAFF0CB0-EFA7-4F00-A85F-459AA736EF25}.Release|Any CPU.ActiveCfg = Release|Any CPU
		{CAFF0CB0-EFA7-4F00-A85F-459AA736EF25}.Release|Any CPU.Build.0 = Release|Any CPU
		{8BABD5F0-7D91-4210-BD08-56AE577834F6}.Debug|Any CPU.ActiveCfg = Debug|Any CPU
		{8BABD5F0-7D91-4210-BD08-56AE577834F6}.Debug|Any CPU.Build.0 = Debug|Any CPU
		{8BABD5F0-7D91-4210-BD08-56AE577834F6}.Release|Any CPU.ActiveCfg = Release|Any CPU
		{8BABD5F0-7D91-4210-BD08-56AE577834F6}.Release|Any CPU.Build.0 = Release|Any CPU
		{6866EB42-2212-4EDE-82C5-ABD12F5C59BC}.Debug|Any CPU.ActiveCfg = Debug|Any CPU
		{6866EB42-2212-4EDE-82C5-ABD12F5C59BC}.Debug|Any CPU.Build.0 = Debug|Any CPU
		{6866EB42-2212-4EDE-82C5-ABD12F5C59BC}.Release|Any CPU.ActiveCfg = Release|Any CPU
		{6866EB42-2212-4EDE-82C5-ABD12F5C59BC}.Release|Any CPU.Build.0 = Release|Any CPU
		{61B47F97-D045-4C5B-A915-6F334A6827C7}.Debug|Any CPU.ActiveCfg = Debug|Any CPU
		{61B47F97-D045-4C5B-A915-6F334A6827C7}.Debug|Any CPU.Build.0 = Debug|Any CPU
		{61B47F97-D045-4C5B-A915-6F334A6827C7}.Release|Any CPU.ActiveCfg = Release|Any CPU
		{61B47F97-D045-4C5B-A915-6F334A6827C7}.Release|Any CPU.Build.0 = Release|Any CPU
		{2E145E2A-BE16-4E31-9850-A86FB1E1BCD6}.Debug|Any CPU.ActiveCfg = Debug|Any CPU
		{2E145E2A-BE16-4E31-9850-A86FB1E1BCD6}.Debug|Any CPU.Build.0 = Debug|Any CPU
		{2E145E2A-BE16-4E31-9850-A86FB1E1BCD6}.Release|Any CPU.ActiveCfg = Release|Any CPU
		{2E145E2A-BE16-4E31-9850-A86FB1E1BCD6}.Release|Any CPU.Build.0 = Release|Any CPU
		{F72B6CF5-08E3-4E71-AEC2-9406B13824F1}.Debug|Any CPU.ActiveCfg = Debug|Any CPU
		{F72B6CF5-08E3-4E71-AEC2-9406B13824F1}.Debug|Any CPU.Build.0 = Debug|Any CPU
		{F72B6CF5-08E3-4E71-AEC2-9406B13824F1}.Release|Any CPU.ActiveCfg = Release|Any CPU
		{F72B6CF5-08E3-4E71-AEC2-9406B13824F1}.Release|Any CPU.Build.0 = Release|Any CPU
		{8BECD656-B549-4304-BF4E-CD5EE904463D}.Debug|Any CPU.ActiveCfg = Debug|Any CPU
		{8BECD656-B549-4304-BF4E-CD5EE904463D}.Debug|Any CPU.Build.0 = Debug|Any CPU
		{8BECD656-B549-4304-BF4E-CD5EE904463D}.Release|Any CPU.ActiveCfg = Release|Any CPU
		{8BECD656-B549-4304-BF4E-CD5EE904463D}.Release|Any CPU.Build.0 = Release|Any CPU
	EndGlobalSection
	GlobalSection(SolutionProperties) = preSolution
		HideSolutionNode = FALSE
	EndGlobalSection
	GlobalSection(NestedProjects) = preSolution
		{CA64CF4B-276C-401A-AB7B-B2EEB215D6F2} = {4EDE6F59-E019-461C-9F82-29DC3F446999}
		{5FE3CF93-27B0-4270-9395-D29000E99B36} = {A8E7741B-7D99-4B2F-B524-38009E1F3001}
		{278B4231-394A-4912-B182-81D7121205F3} = {A8E7741B-7D99-4B2F-B524-38009E1F3001}
		{2F4F0CAA-D1C1-47F2-BD2A-AB844AD76BF9} = {A8E7741B-7D99-4B2F-B524-38009E1F3001}
		{84A1F74F-3AD2-492C-86DD-7ABE1E3CB4BB} = {0E87F2B3-A2F2-46DC-A2CD-647EBEA84314}
		{C573C599-2AEC-4579-BDE8-849604683B65} = {8F9CB6DB-535A-40CF-9BE5-ED8E79EEB59A}
		{CAFF0CB0-EFA7-4F00-A85F-459AA736EF25} = {1998AC0D-9C46-4B7E-84F0-32B2A6D4F3C4}
		{8BABD5F0-7D91-4210-BD08-56AE577834F6} = {1998AC0D-9C46-4B7E-84F0-32B2A6D4F3C4}
		{6866EB42-2212-4EDE-82C5-ABD12F5C59BC} = {A8E7741B-7D99-4B2F-B524-38009E1F3001}
		{61B47F97-D045-4C5B-A915-6F334A6827C7} = {8F9CB6DB-535A-40CF-9BE5-ED8E79EEB59A}
		{2E145E2A-BE16-4E31-9850-A86FB1E1BCD6} = {8F9CB6DB-535A-40CF-9BE5-ED8E79EEB59A}
		{F72B6CF5-08E3-4E71-AEC2-9406B13824F1} = {8F9CB6DB-535A-40CF-9BE5-ED8E79EEB59A}
		{8BECD656-B549-4304-BF4E-CD5EE904463D} = {8F9CB6DB-535A-40CF-9BE5-ED8E79EEB59A}
	EndGlobalSection
	GlobalSection(ExtensibilityGlobals) = postSolution
		SolutionGuid = {21C01442-98CC-46D8-80B6-3AFCBBB0A6E1}
	EndGlobalSection
EndGlobal
