
Microsoft Visual Studio Solution File, Format Version 12.00
# Visual Studio Version 16
VisualStudioVersion = 16.0.30523.141
MinimumVisualStudioVersion = 10.0.40219.1
Project("{FAE04EC0-301F-11D3-BF4B-00C04F79EFBC}") = "ITMO.CSCourse2021.Labs.Lab1", "ITMO.CSCourse2021.Labs.Lab1\ITMO.CSCourse2021.Labs.Lab1.csproj", "{CA64CF4B-276C-401A-AB7B-B2EEB215D6F2}"
EndProject
Global
	GlobalSection(SolutionConfigurationPlatforms) = preSolution
		Debug|Any CPU = Debug|Any CPU
		Release|Any CPU = Release|Any CPU
	EndGlobalSection
	GlobalSection(ProjectConfigurationPlatforms) = postSolution
		{CA64CF4B-276C-401A-AB7B-B2EEB215D6F2}.Debug|Any CPU.ActiveCfg = Debug|Any CPU
		{CA64CF4B-276C-401A-AB7B-B2EEB215D6F2}.Debug|Any CPU.Build.0 = Debug|Any CPU
		{CA64CF4B-276C-401A-AB7B-B2EEB215D6F2}.Release|Any CPU.ActiveCfg = Release|Any CPU
		{CA64CF4B-276C-401A-AB7B-B2EEB215D6F2}.Release|Any CPU.Build.0 = Release|Any CPU
	EndGlobalSection
	GlobalSection(SolutionProperties) = preSolution
		HideSolutionNode = FALSE
	EndGlobalSection
	GlobalSection(ExtensibilityGlobals) = postSolution
		SolutionGuid = {21C01442-98CC-46D8-80B6-3AFCBBB0A6E1}
	EndGlobalSection
EndGlobal
